# generated by rye
# use `rye lock` or `rye sync` to update this lockfile
#
# last locked with the following flags:
#   pre: false
#   features: []
#   all-features: false
#   with-sources: false
#   generate-hashes: false
#   universal: false

-e file:.
altgraph==0.17.4
    # via pyinstaller
et-xmlfile==1.1.0
    # via openpyxl
importlib-metadata==8.5.0
    # via pyinstaller
    # via pyinstaller-hooks-contrib
openpyxl==3.1.5
    # via batch-modify-excel
packaging==24.1
    # via pyinstaller
    # via pyinstaller-hooks-contrib
pefile==2023.2.7
    # via pyinstaller
pillow==10.4.0
    # via ttkbootstrap
pyinstaller==6.11.0
    # via batch-modify-excel
pyinstaller-hooks-contrib==2024.9
    # via pyinstaller
pywin32-ctypes==0.2.3
    # via pyinstaller
setuptools==75.2.0
    # via pyinstaller
    # via pyinstaller-hooks-contrib
ttkbootstrap==1.10.1
    # via batch-modify-excel
zipp==3.20.2
    # via importlib-metadata
